
Microsoft Visual Studio Solution File, Format Version 12.00
# Visual Studio 2012
VisualStudioVersion = 12.0.40629.0
MinimumVisualStudioVersion = 10.0.40219.1
Project("{FAE04EC0-301F-11D3-BF4B-00C04F79EFBC}") = "AstroBuilders", "AstroBuilders\AstroBuilders.csproj", "{1CC86E10-663E-4344-AEE2-70FAB906E430}"
EndProject
Project("{FAE04EC0-301F-11D3-BF4B-00C04F79EFBC}") = "AstroBuilders.iOS", "iOS\AstroBuilders.iOS.csproj", "{67E3968E-A96A-4AD4-A0E9-6BF2D0728C64}"
EndProject
Project("{FAE04EC0-301F-11D3-BF4B-00C04F79EFBC}") = "AstroBuilders.Droid", "Droid\AstroBuilders.Droid.csproj", "{DE1DC86E-2F1B-4EC6-A5B1-81D61786E104}"
EndProject
Project("{FAE04EC0-301F-11D3-BF4B-00C04F79EFBC}") = "AstroBuilders.UITests", "UITests\AstroBuilders.UITests.csproj", "{39B91D7E-CB76-4AE4-8D64-F6F29B434B92}"
EndProject
Project("{FAE04EC0-301F-11D3-BF4B-00C04F79EFBC}") = "AstroBuildersModel", "AstroBuildersModel\AstroBuildersModel.csproj", "{CBAEBDEB-DA95-49E6-8602-C72E9DDA416E}"
EndProject
Project("{FAE04EC0-301F-11D3-BF4B-00C04F79EFBC}") = "AstroWeb", "AstroWeb\AstroWeb.csproj", "{BABBCFEF-F5D4-44D1-A750-146190A7BA1D}"
EndProject
Project("{FAE04EC0-301F-11D3-BF4B-00C04F79EFBC}") = "AstroBuilders.Win", "Win8Store\AstroBuilders.Win\AstroBuilders.Win.csproj", "{CE8EB18B-F4F9-4020-8810-D1DCC80D59B4}"
EndProject
Project("{2150E333-8FDC-42A3-9474-1A3956D46DE8}") = "AstroBuilders.WinUni", "AstroBuilders.WinUni", "{CD6E2D4F-859D-42A0-84C1-A53C7F42DFD9}"
EndProject
Project("{D954291E-2A0B-460D-934E-DC6B0785DB48}") = "AstroBuilders.WinUni.Shared", "WinUni\AstroBuilders.WinUni\AstroBuilders.WinUni.Shared\AstroBuilders.WinUni.Shared.shproj", "{C0A28692-C4ED-4488-9975-6807A182D3AD}"
EndProject
Project("{FAE04EC0-301F-11D3-BF4B-00C04F79EFBC}") = "AstroBuilders.WinUni.Windows", "WinUni\AstroBuilders.WinUni\AstroBuilders.WinUni.Windows\AstroBuilders.WinUni.Windows.csproj", "{0A1B9FFF-862E-4101-B4EF-8EE6F297B985}"
EndProject
Project("{FAE04EC0-301F-11D3-BF4B-00C04F79EFBC}") = "AstroBuilders.WinUni.WindowsPhone", "WinUni\AstroBuilders.WinUni\AstroBuilders.WinUni.WindowsPhone\AstroBuilders.WinUni.WindowsPhone.csproj", "{43AA87A6-4081-4B5A-B688-06DF5A5F5773}"
EndProject
Global
	GlobalSection(SolutionConfigurationPlatforms) = preSolution
		Debug|Any CPU = Debug|Any CPU
		Debug|ARM = Debug|ARM
		Debug|iPhone = Debug|iPhone
		Debug|iPhoneSimulator = Debug|iPhoneSimulator
		Debug|Mixed Platforms = Debug|Mixed Platforms
		Debug|x64 = Debug|x64
		Debug|x86 = Debug|x86
		Release|Any CPU = Release|Any CPU
		Release|ARM = Release|ARM
		Release|iPhone = Release|iPhone
		Release|iPhoneSimulator = Release|iPhoneSimulator
		Release|Mixed Platforms = Release|Mixed Platforms
		Release|x64 = Release|x64
		Release|x86 = Release|x86
	EndGlobalSection
	GlobalSection(ProjectConfigurationPlatforms) = postSolution
		{0A1B9FFF-862E-4101-B4EF-8EE6F297B985}.Debug|Any CPU.ActiveCfg = Debug|Any CPU
		{0A1B9FFF-862E-4101-B4EF-8EE6F297B985}.Debug|Any CPU.Build.0 = Debug|Any CPU
		{0A1B9FFF-862E-4101-B4EF-8EE6F297B985}.Debug|Any CPU.Deploy.0 = Debug|Any CPU
		{0A1B9FFF-862E-4101-B4EF-8EE6F297B985}.Debug|ARM.ActiveCfg = Debug|ARM
		{0A1B9FFF-862E-4101-B4EF-8EE6F297B985}.Debug|ARM.Build.0 = Debug|ARM
		{0A1B9FFF-862E-4101-B4EF-8EE6F297B985}.Debug|ARM.Deploy.0 = Debug|ARM
		{0A1B9FFF-862E-4101-B4EF-8EE6F297B985}.Debug|iPhone.ActiveCfg = Debug|Any CPU
		{0A1B9FFF-862E-4101-B4EF-8EE6F297B985}.Debug|iPhoneSimulator.ActiveCfg = Debug|Any CPU
		{0A1B9FFF-862E-4101-B4EF-8EE6F297B985}.Debug|Mixed Platforms.ActiveCfg = Debug|x86
		{0A1B9FFF-862E-4101-B4EF-8EE6F297B985}.Debug|Mixed Platforms.Build.0 = Debug|x86
		{0A1B9FFF-862E-4101-B4EF-8EE6F297B985}.Debug|Mixed Platforms.Deploy.0 = Debug|x86
		{0A1B9FFF-862E-4101-B4EF-8EE6F297B985}.Debug|x64.ActiveCfg = Debug|x64
		{0A1B9FFF-862E-4101-B4EF-8EE6F297B985}.Debug|x64.Build.0 = Debug|x64
		{0A1B9FFF-862E-4101-B4EF-8EE6F297B985}.Debug|x64.Deploy.0 = Debug|x64
		{0A1B9FFF-862E-4101-B4EF-8EE6F297B985}.Debug|x86.ActiveCfg = Debug|x86
		{0A1B9FFF-862E-4101-B4EF-8EE6F297B985}.Debug|x86.Build.0 = Debug|x86
		{0A1B9FFF-862E-4101-B4EF-8EE6F297B985}.Debug|x86.Deploy.0 = Debug|x86
		{0A1B9FFF-862E-4101-B4EF-8EE6F297B985}.Release|Any CPU.ActiveCfg = Release|Any CPU
		{0A1B9FFF-862E-4101-B4EF-8EE6F297B985}.Release|Any CPU.Build.0 = Release|Any CPU
		{0A1B9FFF-862E-4101-B4EF-8EE6F297B985}.Release|Any CPU.Deploy.0 = Release|Any CPU
		{0A1B9FFF-862E-4101-B4EF-8EE6F297B985}.Release|ARM.ActiveCfg = Release|ARM
		{0A1B9FFF-862E-4101-B4EF-8EE6F297B985}.Release|ARM.Build.0 = Release|ARM
		{0A1B9FFF-862E-4101-B4EF-8EE6F297B985}.Release|ARM.Deploy.0 = Release|ARM
		{0A1B9FFF-862E-4101-B4EF-8EE6F297B985}.Release|iPhone.ActiveCfg = Release|Any CPU
		{0A1B9FFF-862E-4101-B4EF-8EE6F297B985}.Release|iPhoneSimulator.ActiveCfg = Release|Any CPU
		{0A1B9FFF-862E-4101-B4EF-8EE6F297B985}.Release|Mixed Platforms.ActiveCfg = Release|x86
		{0A1B9FFF-862E-4101-B4EF-8EE6F297B985}.Release|Mixed Platforms.Build.0 = Release|x86
		{0A1B9FFF-862E-4101-B4EF-8EE6F297B985}.Release|Mixed Platforms.Deploy.0 = Release|x86
		{0A1B9FFF-862E-4101-B4EF-8EE6F297B985}.Release|x64.ActiveCfg = Release|x64
		{0A1B9FFF-862E-4101-B4EF-8EE6F297B985}.Release|x64.Build.0 = Release|x64
		{0A1B9FFF-862E-4101-B4EF-8EE6F297B985}.Release|x64.Deploy.0 = Release|x64
		{0A1B9FFF-862E-4101-B4EF-8EE6F297B985}.Release|x86.ActiveCfg = Release|x86
		{0A1B9FFF-862E-4101-B4EF-8EE6F297B985}.Release|x86.Build.0 = Release|x86
		{0A1B9FFF-862E-4101-B4EF-8EE6F297B985}.Release|x86.Deploy.0 = Release|x86
		{1CC86E10-663E-4344-AEE2-70FAB906E430}.Debug|Any CPU.ActiveCfg = Debug|Any CPU
		{1CC86E10-663E-4344-AEE2-70FAB906E430}.Debug|Any CPU.Build.0 = Debug|Any CPU
		{1CC86E10-663E-4344-AEE2-70FAB906E430}.Debug|ARM.ActiveCfg = Debug|Any CPU
		{1CC86E10-663E-4344-AEE2-70FAB906E430}.Debug|iPhone.ActiveCfg = Debug|Any CPU
		{1CC86E10-663E-4344-AEE2-70FAB906E430}.Debug|iPhone.Build.0 = Debug|Any CPU
		{1CC86E10-663E-4344-AEE2-70FAB906E430}.Debug|iPhoneSimulator.ActiveCfg = Debug|Any CPU
		{1CC86E10-663E-4344-AEE2-70FAB906E430}.Debug|iPhoneSimulator.Build.0 = Debug|Any CPU
		{1CC86E10-663E-4344-AEE2-70FAB906E430}.Debug|Mixed Platforms.ActiveCfg = Debug|Any CPU
		{1CC86E10-663E-4344-AEE2-70FAB906E430}.Debug|Mixed Platforms.Build.0 = Debug|Any CPU
		{1CC86E10-663E-4344-AEE2-70FAB906E430}.Debug|x64.ActiveCfg = Debug|Any CPU
		{1CC86E10-663E-4344-AEE2-70FAB906E430}.Debug|x86.ActiveCfg = Debug|Any CPU
		{1CC86E10-663E-4344-AEE2-70FAB906E430}.Release|Any CPU.ActiveCfg = Release|Any CPU
		{1CC86E10-663E-4344-AEE2-70FAB906E430}.Release|Any CPU.Build.0 = Release|Any CPU
		{1CC86E10-663E-4344-AEE2-70FAB906E430}.Release|ARM.ActiveCfg = Release|Any CPU
		{1CC86E10-663E-4344-AEE2-70FAB906E430}.Release|iPhone.ActiveCfg = Release|Any CPU
		{1CC86E10-663E-4344-AEE2-70FAB906E430}.Release|iPhone.Build.0 = Release|Any CPU
		{1CC86E10-663E-4344-AEE2-70FAB906E430}.Release|iPhoneSimulator.ActiveCfg = Release|Any CPU
		{1CC86E10-663E-4344-AEE2-70FAB906E430}.Release|iPhoneSimulator.Build.0 = Release|Any CPU
		{1CC86E10-663E-4344-AEE2-70FAB906E430}.Release|Mixed Platforms.ActiveCfg = Release|Any CPU
		{1CC86E10-663E-4344-AEE2-70FAB906E430}.Release|Mixed Platforms.Build.0 = Release|Any CPU
		{1CC86E10-663E-4344-AEE2-70FAB906E430}.Release|x64.ActiveCfg = Release|Any CPU
		{1CC86E10-663E-4344-AEE2-70FAB906E430}.Release|x86.ActiveCfg = Release|Any CPU
		{39B91D7E-CB76-4AE4-8D64-F6F29B434B92}.Debug|Any CPU.ActiveCfg = Debug|Any CPU
		{39B91D7E-CB76-4AE4-8D64-F6F29B434B92}.Debug|Any CPU.Build.0 = Debug|Any CPU
		{39B91D7E-CB76-4AE4-8D64-F6F29B434B92}.Debug|ARM.ActiveCfg = Debug|Any CPU
		{39B91D7E-CB76-4AE4-8D64-F6F29B434B92}.Debug|iPhone.ActiveCfg = Debug|Any CPU
		{39B91D7E-CB76-4AE4-8D64-F6F29B434B92}.Debug|iPhone.Build.0 = Debug|Any CPU
		{39B91D7E-CB76-4AE4-8D64-F6F29B434B92}.Debug|iPhoneSimulator.ActiveCfg = Debug|Any CPU
		{39B91D7E-CB76-4AE4-8D64-F6F29B434B92}.Debug|iPhoneSimulator.Build.0 = Debug|Any CPU
		{39B91D7E-CB76-4AE4-8D64-F6F29B434B92}.Debug|Mixed Platforms.ActiveCfg = Debug|Any CPU
		{39B91D7E-CB76-4AE4-8D64-F6F29B434B92}.Debug|Mixed Platforms.Build.0 = Debug|Any CPU
		{39B91D7E-CB76-4AE4-8D64-F6F29B434B92}.Debug|x64.ActiveCfg = Debug|Any CPU
		{39B91D7E-CB76-4AE4-8D64-F6F29B434B92}.Debug|x86.ActiveCfg = Debug|Any CPU
		{39B91D7E-CB76-4AE4-8D64-F6F29B434B92}.Release|Any CPU.ActiveCfg = Release|Any CPU
		{39B91D7E-CB76-4AE4-8D64-F6F29B434B92}.Release|Any CPU.Build.0 = Release|Any CPU
		{39B91D7E-CB76-4AE4-8D64-F6F29B434B92}.Release|ARM.ActiveCfg = Release|Any CPU
		{39B91D7E-CB76-4AE4-8D64-F6F29B434B92}.Release|iPhone.ActiveCfg = Release|Any CPU
		{39B91D7E-CB76-4AE4-8D64-F6F29B434B92}.Release|iPhone.Build.0 = Release|Any CPU
		{39B91D7E-CB76-4AE4-8D64-F6F29B434B92}.Release|iPhoneSimulator.ActiveCfg = Release|Any CPU
		{39B91D7E-CB76-4AE4-8D64-F6F29B434B92}.Release|iPhoneSimulator.Build.0 = Release|Any CPU
		{39B91D7E-CB76-4AE4-8D64-F6F29B434B92}.Release|Mixed Platforms.ActiveCfg = Release|Any CPU
		{39B91D7E-CB76-4AE4-8D64-F6F29B434B92}.Release|Mixed Platforms.Build.0 = Release|Any CPU
		{39B91D7E-CB76-4AE4-8D64-F6F29B434B92}.Release|x64.ActiveCfg = Release|Any CPU
		{39B91D7E-CB76-4AE4-8D64-F6F29B434B92}.Release|x86.ActiveCfg = Release|Any CPU
		{43AA87A6-4081-4B5A-B688-06DF5A5F5773}.Debug|Any CPU.ActiveCfg = Debug|Any CPU
		{43AA87A6-4081-4B5A-B688-06DF5A5F5773}.Debug|Any CPU.Build.0 = Debug|Any CPU
		{43AA87A6-4081-4B5A-B688-06DF5A5F5773}.Debug|Any CPU.Deploy.0 = Debug|Any CPU
		{43AA87A6-4081-4B5A-B688-06DF5A5F5773}.Debug|ARM.ActiveCfg = Debug|ARM
		{43AA87A6-4081-4B5A-B688-06DF5A5F5773}.Debug|ARM.Build.0 = Debug|ARM
		{43AA87A6-4081-4B5A-B688-06DF5A5F5773}.Debug|ARM.Deploy.0 = Debug|ARM
		{43AA87A6-4081-4B5A-B688-06DF5A5F5773}.Debug|iPhone.ActiveCfg = Debug|Any CPU
		{43AA87A6-4081-4B5A-B688-06DF5A5F5773}.Debug|iPhoneSimulator.ActiveCfg = Debug|Any CPU
		{43AA87A6-4081-4B5A-B688-06DF5A5F5773}.Debug|Mixed Platforms.ActiveCfg = Debug|x86
		{43AA87A6-4081-4B5A-B688-06DF5A5F5773}.Debug|Mixed Platforms.Build.0 = Debug|x86
		{43AA87A6-4081-4B5A-B688-06DF5A5F5773}.Debug|Mixed Platforms.Deploy.0 = Debug|x86
		{43AA87A6-4081-4B5A-B688-06DF5A5F5773}.Debug|x64.ActiveCfg = Debug|Any CPU
		{43AA87A6-4081-4B5A-B688-06DF5A5F5773}.Debug|x86.ActiveCfg = Debug|x86
		{43AA87A6-4081-4B5A-B688-06DF5A5F5773}.Debug|x86.Build.0 = Debug|x86
		{43AA87A6-4081-4B5A-B688-06DF5A5F5773}.Debug|x86.Deploy.0 = Debug|x86
		{43AA87A6-4081-4B5A-B688-06DF5A5F5773}.Release|Any CPU.ActiveCfg = Release|Any CPU
		{43AA87A6-4081-4B5A-B688-06DF5A5F5773}.Release|Any CPU.Build.0 = Release|Any CPU
		{43AA87A6-4081-4B5A-B688-06DF5A5F5773}.Release|Any CPU.Deploy.0 = Release|Any CPU
		{43AA87A6-4081-4B5A-B688-06DF5A5F5773}.Release|ARM.ActiveCfg = Release|ARM
		{43AA87A6-4081-4B5A-B688-06DF5A5F5773}.Release|ARM.Build.0 = Release|ARM
		{43AA87A6-4081-4B5A-B688-06DF5A5F5773}.Release|ARM.Deploy.0 = Release|ARM
		{43AA87A6-4081-4B5A-B688-06DF5A5F5773}.Release|iPhone.ActiveCfg = Release|Any CPU
		{43AA87A6-4081-4B5A-B688-06DF5A5F5773}.Release|iPhoneSimulator.ActiveCfg = Release|Any CPU
		{43AA87A6-4081-4B5A-B688-06DF5A5F5773}.Release|Mixed Platforms.ActiveCfg = Release|x86
		{43AA87A6-4081-4B5A-B688-06DF5A5F5773}.Release|Mixed Platforms.Build.0 = Release|x86
		{43AA87A6-4081-4B5A-B688-06DF5A5F5773}.Release|Mixed Platforms.Deploy.0 = Release|x86
		{43AA87A6-4081-4B5A-B688-06DF5A5F5773}.Release|x64.ActiveCfg = Release|Any CPU
		{43AA87A6-4081-4B5A-B688-06DF5A5F5773}.Release|x86.ActiveCfg = Release|x86
		{43AA87A6-4081-4B5A-B688-06DF5A5F5773}.Release|x86.Build.0 = Release|x86
		{43AA87A6-4081-4B5A-B688-06DF5A5F5773}.Release|x86.Deploy.0 = Release|x86
		{67E3968E-A96A-4AD4-A0E9-6BF2D0728C64}.Debug|Any CPU.ActiveCfg = Debug|iPhoneSimulator
		{67E3968E-A96A-4AD4-A0E9-6BF2D0728C64}.Debug|Any CPU.Build.0 = Debug|iPhoneSimulator
		{67E3968E-A96A-4AD4-A0E9-6BF2D0728C64}.Debug|ARM.ActiveCfg = Debug|iPhone
		{67E3968E-A96A-4AD4-A0E9-6BF2D0728C64}.Debug|iPhone.ActiveCfg = Debug|iPhone
		{67E3968E-A96A-4AD4-A0E9-6BF2D0728C64}.Debug|iPhone.Build.0 = Debug|iPhone
		{67E3968E-A96A-4AD4-A0E9-6BF2D0728C64}.Debug|iPhoneSimulator.ActiveCfg = Debug|iPhoneSimulator
		{67E3968E-A96A-4AD4-A0E9-6BF2D0728C64}.Debug|iPhoneSimulator.Build.0 = Debug|iPhoneSimulator
		{67E3968E-A96A-4AD4-A0E9-6BF2D0728C64}.Debug|Mixed Platforms.ActiveCfg = Debug|iPhone
		{67E3968E-A96A-4AD4-A0E9-6BF2D0728C64}.Debug|Mixed Platforms.Build.0 = Debug|iPhone
		{67E3968E-A96A-4AD4-A0E9-6BF2D0728C64}.Debug|x64.ActiveCfg = Debug|iPhone
		{67E3968E-A96A-4AD4-A0E9-6BF2D0728C64}.Debug|x86.ActiveCfg = Debug|iPhone
		{67E3968E-A96A-4AD4-A0E9-6BF2D0728C64}.Release|Any CPU.ActiveCfg = Release|iPhone
		{67E3968E-A96A-4AD4-A0E9-6BF2D0728C64}.Release|Any CPU.Build.0 = Release|iPhone
		{67E3968E-A96A-4AD4-A0E9-6BF2D0728C64}.Release|ARM.ActiveCfg = Release|iPhoneSimulator
		{67E3968E-A96A-4AD4-A0E9-6BF2D0728C64}.Release|iPhone.ActiveCfg = Release|iPhone
		{67E3968E-A96A-4AD4-A0E9-6BF2D0728C64}.Release|iPhone.Build.0 = Release|iPhone
		{67E3968E-A96A-4AD4-A0E9-6BF2D0728C64}.Release|iPhoneSimulator.ActiveCfg = Release|iPhoneSimulator
		{67E3968E-A96A-4AD4-A0E9-6BF2D0728C64}.Release|iPhoneSimulator.Build.0 = Release|iPhoneSimulator
		{67E3968E-A96A-4AD4-A0E9-6BF2D0728C64}.Release|Mixed Platforms.ActiveCfg = Release|iPhoneSimulator
		{67E3968E-A96A-4AD4-A0E9-6BF2D0728C64}.Release|Mixed Platforms.Build.0 = Release|iPhoneSimulator
		{67E3968E-A96A-4AD4-A0E9-6BF2D0728C64}.Release|x64.ActiveCfg = Release|iPhoneSimulator
		{67E3968E-A96A-4AD4-A0E9-6BF2D0728C64}.Release|x86.ActiveCfg = Release|iPhoneSimulator
		{BABBCFEF-F5D4-44D1-A750-146190A7BA1D}.Debug|Any CPU.ActiveCfg = Debug|Any CPU
		{BABBCFEF-F5D4-44D1-A750-146190A7BA1D}.Debug|Any CPU.Build.0 = Debug|Any CPU
		{BABBCFEF-F5D4-44D1-A750-146190A7BA1D}.Debug|ARM.ActiveCfg = Debug|Any CPU
		{BABBCFEF-F5D4-44D1-A750-146190A7BA1D}.Debug|iPhone.ActiveCfg = Debug|Any CPU
		{BABBCFEF-F5D4-44D1-A750-146190A7BA1D}.Debug|iPhone.Build.0 = Debug|Any CPU
		{BABBCFEF-F5D4-44D1-A750-146190A7BA1D}.Debug|iPhoneSimulator.ActiveCfg = Debug|Any CPU
		{BABBCFEF-F5D4-44D1-A750-146190A7BA1D}.Debug|iPhoneSimulator.Build.0 = Debug|Any CPU
		{BABBCFEF-F5D4-44D1-A750-146190A7BA1D}.Debug|Mixed Platforms.ActiveCfg = Debug|Any CPU
		{BABBCFEF-F5D4-44D1-A750-146190A7BA1D}.Debug|Mixed Platforms.Build.0 = Debug|Any CPU
		{BABBCFEF-F5D4-44D1-A750-146190A7BA1D}.Debug|x64.ActiveCfg = Debug|Any CPU
		{BABBCFEF-F5D4-44D1-A750-146190A7BA1D}.Debug|x86.ActiveCfg = Debug|Any CPU
		{BABBCFEF-F5D4-44D1-A750-146190A7BA1D}.Release|Any CPU.ActiveCfg = Release|Any CPU
		{BABBCFEF-F5D4-44D1-A750-146190A7BA1D}.Release|Any CPU.Build.0 = Release|Any CPU
		{BABBCFEF-F5D4-44D1-A750-146190A7BA1D}.Release|ARM.ActiveCfg = Release|Any CPU
		{BABBCFEF-F5D4-44D1-A750-146190A7BA1D}.Release|iPhone.ActiveCfg = Release|Any CPU
		{BABBCFEF-F5D4-44D1-A750-146190A7BA1D}.Release|iPhone.Build.0 = Release|Any CPU
		{BABBCFEF-F5D4-44D1-A750-146190A7BA1D}.Release|iPhoneSimulator.ActiveCfg = Release|Any CPU
		{BABBCFEF-F5D4-44D1-A750-146190A7BA1D}.Release|iPhoneSimulator.Build.0 = Release|Any CPU
		{BABBCFEF-F5D4-44D1-A750-146190A7BA1D}.Release|Mixed Platforms.ActiveCfg = Release|Any CPU
		{BABBCFEF-F5D4-44D1-A750-146190A7BA1D}.Release|Mixed Platforms.Build.0 = Release|Any CPU
		{BABBCFEF-F5D4-44D1-A750-146190A7BA1D}.Release|x64.ActiveCfg = Release|Any CPU
		{BABBCFEF-F5D4-44D1-A750-146190A7BA1D}.Release|x86.ActiveCfg = Release|Any CPU
		{CBAEBDEB-DA95-49E6-8602-C72E9DDA416E}.Debug|Any CPU.ActiveCfg = Debug|Any CPU
		{CBAEBDEB-DA95-49E6-8602-C72E9DDA416E}.Debug|Any CPU.Build.0 = Debug|Any CPU
		{CBAEBDEB-DA95-49E6-8602-C72E9DDA416E}.Debug|ARM.ActiveCfg = Debug|Any CPU
		{CBAEBDEB-DA95-49E6-8602-C72E9DDA416E}.Debug|iPhone.ActiveCfg = Debug|Any CPU
		{CBAEBDEB-DA95-49E6-8602-C72E9DDA416E}.Debug|iPhone.Build.0 = Debug|Any CPU
		{CBAEBDEB-DA95-49E6-8602-C72E9DDA416E}.Debug|iPhoneSimulator.ActiveCfg = Debug|Any CPU
		{CBAEBDEB-DA95-49E6-8602-C72E9DDA416E}.Debug|iPhoneSimulator.Build.0 = Debug|Any CPU
		{CBAEBDEB-DA95-49E6-8602-C72E9DDA416E}.Debug|Mixed Platforms.ActiveCfg = Debug|Any CPU
		{CBAEBDEB-DA95-49E6-8602-C72E9DDA416E}.Debug|Mixed Platforms.Build.0 = Debug|Any CPU
		{CBAEBDEB-DA95-49E6-8602-C72E9DDA416E}.Debug|x64.ActiveCfg = Debug|Any CPU
		{CBAEBDEB-DA95-49E6-8602-C72E9DDA416E}.Debug|x86.ActiveCfg = Debug|Any CPU
		{CBAEBDEB-DA95-49E6-8602-C72E9DDA416E}.Release|Any CPU.ActiveCfg = Release|Any CPU
		{CBAEBDEB-DA95-49E6-8602-C72E9DDA416E}.Release|Any CPU.Build.0 = Release|Any CPU
		{CBAEBDEB-DA95-49E6-8602-C72E9DDA416E}.Release|ARM.ActiveCfg = Release|Any CPU
		{CBAEBDEB-DA95-49E6-8602-C72E9DDA416E}.Release|iPhone.ActiveCfg = Release|Any CPU
		{CBAEBDEB-DA95-49E6-8602-C72E9DDA416E}.Release|iPhone.Build.0 = Release|Any CPU
		{CBAEBDEB-DA95-49E6-8602-C72E9DDA416E}.Release|iPhoneSimulator.ActiveCfg = Release|Any CPU
		{CBAEBDEB-DA95-49E6-8602-C72E9DDA416E}.Release|iPhoneSimulator.Build.0 = Release|Any CPU
		{CBAEBDEB-DA95-49E6-8602-C72E9DDA416E}.Release|Mixed Platforms.ActiveCfg = Release|Any CPU
		{CBAEBDEB-DA95-49E6-8602-C72E9DDA416E}.Release|Mixed Platforms.Build.0 = Release|Any CPU
		{CBAEBDEB-DA95-49E6-8602-C72E9DDA416E}.Release|x64.ActiveCfg = Release|Any CPU
		{CBAEBDEB-DA95-49E6-8602-C72E9DDA416E}.Release|x86.ActiveCfg = Release|Any CPU
		{CE8EB18B-F4F9-4020-8810-D1DCC80D59B4}.Debug|Any CPU.ActiveCfg = Debug|Any CPU
		{CE8EB18B-F4F9-4020-8810-D1DCC80D59B4}.Debug|Any CPU.Build.0 = Debug|Any CPU
		{CE8EB18B-F4F9-4020-8810-D1DCC80D59B4}.Debug|Any CPU.Deploy.0 = Debug|Any CPU
		{CE8EB18B-F4F9-4020-8810-D1DCC80D59B4}.Debug|ARM.ActiveCfg = Debug|ARM
		{CE8EB18B-F4F9-4020-8810-D1DCC80D59B4}.Debug|ARM.Build.0 = Debug|ARM
		{CE8EB18B-F4F9-4020-8810-D1DCC80D59B4}.Debug|ARM.Deploy.0 = Debug|ARM
		{CE8EB18B-F4F9-4020-8810-D1DCC80D59B4}.Debug|iPhone.ActiveCfg = Debug|Any CPU
		{CE8EB18B-F4F9-4020-8810-D1DCC80D59B4}.Debug|iPhoneSimulator.ActiveCfg = Debug|Any CPU
		{CE8EB18B-F4F9-4020-8810-D1DCC80D59B4}.Debug|Mixed Platforms.ActiveCfg = Debug|x86
		{CE8EB18B-F4F9-4020-8810-D1DCC80D59B4}.Debug|Mixed Platforms.Build.0 = Debug|x86
		{CE8EB18B-F4F9-4020-8810-D1DCC80D59B4}.Debug|Mixed Platforms.Deploy.0 = Debug|x86
		{CE8EB18B-F4F9-4020-8810-D1DCC80D59B4}.Debug|x64.ActiveCfg = Debug|x64
		{CE8EB18B-F4F9-4020-8810-D1DCC80D59B4}.Debug|x64.Build.0 = Debug|x64
		{CE8EB18B-F4F9-4020-8810-D1DCC80D59B4}.Debug|x64.Deploy.0 = Debug|x64
		{CE8EB18B-F4F9-4020-8810-D1DCC80D59B4}.Debug|x86.ActiveCfg = Debug|x86
		{CE8EB18B-F4F9-4020-8810-D1DCC80D59B4}.Debug|x86.Build.0 = Debug|x86
		{CE8EB18B-F4F9-4020-8810-D1DCC80D59B4}.Debug|x86.Deploy.0 = Debug|x86
		{CE8EB18B-F4F9-4020-8810-D1DCC80D59B4}.Release|Any CPU.ActiveCfg = Release|Any CPU
		{CE8EB18B-F4F9-4020-8810-D1DCC80D59B4}.Release|Any CPU.Build.0 = Release|Any CPU
		{CE8EB18B-F4F9-4020-8810-D1DCC80D59B4}.Release|Any CPU.Deploy.0 = Release|Any CPU
		{CE8EB18B-F4F9-4020-8810-D1DCC80D59B4}.Release|ARM.ActiveCfg = Release|ARM
		{CE8EB18B-F4F9-4020-8810-D1DCC80D59B4}.Release|ARM.Build.0 = Release|ARM
		{CE8EB18B-F4F9-4020-8810-D1DCC80D59B4}.Release|ARM.Deploy.0 = Release|ARM
		{CE8EB18B-F4F9-4020-8810-D1DCC80D59B4}.Release|iPhone.ActiveCfg = Release|Any CPU
		{CE8EB18B-F4F9-4020-8810-D1DCC80D59B4}.Release|iPhoneSimulator.ActiveCfg = Release|Any CPU
		{CE8EB18B-F4F9-4020-8810-D1DCC80D59B4}.Release|Mixed Platforms.ActiveCfg = Release|x86
		{CE8EB18B-F4F9-4020-8810-D1DCC80D59B4}.Release|Mixed Platforms.Build.0 = Release|x86
		{CE8EB18B-F4F9-4020-8810-D1DCC80D59B4}.Release|Mixed Platforms.Deploy.0 = Release|x86
		{CE8EB18B-F4F9-4020-8810-D1DCC80D59B4}.Release|x64.ActiveCfg = Release|x64
		{CE8EB18B-F4F9-4020-8810-D1DCC80D59B4}.Release|x64.Build.0 = Release|x64
		{CE8EB18B-F4F9-4020-8810-D1DCC80D59B4}.Release|x64.Deploy.0 = Release|x64
		{CE8EB18B-F4F9-4020-8810-D1DCC80D59B4}.Release|x86.ActiveCfg = Release|x86
		{CE8EB18B-F4F9-4020-8810-D1DCC80D59B4}.Release|x86.Build.0 = Release|x86
		{CE8EB18B-F4F9-4020-8810-D1DCC80D59B4}.Release|x86.Deploy.0 = Release|x86
		{DE1DC86E-2F1B-4EC6-A5B1-81D61786E104}.Debug|Any CPU.ActiveCfg = Debug|Any CPU
		{DE1DC86E-2F1B-4EC6-A5B1-81D61786E104}.Debug|Any CPU.Build.0 = Debug|Any CPU
		{DE1DC86E-2F1B-4EC6-A5B1-81D61786E104}.Debug|ARM.ActiveCfg = Debug|Any CPU
		{DE1DC86E-2F1B-4EC6-A5B1-81D61786E104}.Debug|iPhone.ActiveCfg = Debug|Any CPU
		{DE1DC86E-2F1B-4EC6-A5B1-81D61786E104}.Debug|iPhone.Build.0 = Debug|Any CPU
		{DE1DC86E-2F1B-4EC6-A5B1-81D61786E104}.Debug|iPhoneSimulator.ActiveCfg = Debug|Any CPU
		{DE1DC86E-2F1B-4EC6-A5B1-81D61786E104}.Debug|iPhoneSimulator.Build.0 = Debug|Any CPU
		{DE1DC86E-2F1B-4EC6-A5B1-81D61786E104}.Debug|Mixed Platforms.ActiveCfg = Debug|Any CPU
		{DE1DC86E-2F1B-4EC6-A5B1-81D61786E104}.Debug|Mixed Platforms.Build.0 = Debug|Any CPU
		{DE1DC86E-2F1B-4EC6-A5B1-81D61786E104}.Debug|Mixed Platforms.Deploy.0 = Debug|Any CPU
		{DE1DC86E-2F1B-4EC6-A5B1-81D61786E104}.Debug|x64.ActiveCfg = Debug|Any CPU
		{DE1DC86E-2F1B-4EC6-A5B1-81D61786E104}.Debug|x86.ActiveCfg = Debug|Any CPU
		{DE1DC86E-2F1B-4EC6-A5B1-81D61786E104}.Release|Any CPU.ActiveCfg = Release|Any CPU
		{DE1DC86E-2F1B-4EC6-A5B1-81D61786E104}.Release|Any CPU.Build.0 = Release|Any CPU
		{DE1DC86E-2F1B-4EC6-A5B1-81D61786E104}.Release|ARM.ActiveCfg = Release|Any CPU
		{DE1DC86E-2F1B-4EC6-A5B1-81D61786E104}.Release|iPhone.ActiveCfg = Release|Any CPU
		{DE1DC86E-2F1B-4EC6-A5B1-81D61786E104}.Release|iPhone.Build.0 = Release|Any CPU
		{DE1DC86E-2F1B-4EC6-A5B1-81D61786E104}.Release|iPhoneSimulator.ActiveCfg = Release|Any CPU
		{DE1DC86E-2F1B-4EC6-A5B1-81D61786E104}.Release|iPhoneSimulator.Build.0 = Release|Any CPU
		{DE1DC86E-2F1B-4EC6-A5B1-81D61786E104}.Release|Mixed Platforms.ActiveCfg = Release|Any CPU
		{DE1DC86E-2F1B-4EC6-A5B1-81D61786E104}.Release|Mixed Platforms.Build.0 = Release|Any CPU
		{DE1DC86E-2F1B-4EC6-A5B1-81D61786E104}.Release|Mixed Platforms.Deploy.0 = Release|Any CPU
		{DE1DC86E-2F1B-4EC6-A5B1-81D61786E104}.Release|x64.ActiveCfg = Release|Any CPU
		{DE1DC86E-2F1B-4EC6-A5B1-81D61786E104}.Release|x86.ActiveCfg = Release|Any CPU
	EndGlobalSection
	GlobalSection(NestedProjects) = preSolution
		{C0A28692-C4ED-4488-9975-6807A182D3AD} = {CD6E2D4F-859D-42A0-84C1-A53C7F42DFD9}
		{0A1B9FFF-862E-4101-B4EF-8EE6F297B985} = {CD6E2D4F-859D-42A0-84C1-A53C7F42DFD9}
		{43AA87A6-4081-4B5A-B688-06DF5A5F5773} = {CD6E2D4F-859D-42A0-84C1-A53C7F42DFD9}
	EndGlobalSection
	GlobalSection(SharedMSBuildProjectFiles) = preSolution
		WinUni\AstroBuilders.WinUni\AstroBuilders.WinUni.Shared\AstroBuilders.WinUni.Shared.projitems*{0a1b9fff-862e-4101-b4ef-8ee6f297b985}*SharedItemsImports = 4
		WinUni\AstroBuilders.WinUni\AstroBuilders.WinUni.Shared\AstroBuilders.WinUni.Shared.projitems*{43aa87a6-4081-4b5a-b688-06df5a5f5773}*SharedItemsImports = 4
		WinUni\AstroBuilders.WinUni\AstroBuilders.WinUni.Shared\AstroBuilders.WinUni.Shared.projitems*{c0a28692-c4ed-4488-9975-6807a182d3ad}*SharedItemsImports = 13
	EndGlobalSection
	GlobalSection(SolutionProperties) = preSolution
		HideSolutionNode = FALSE
	EndGlobalSection
EndGlobal
